
Microsoft Visual Studio Solution File, Format Version 12.00
# Visual Studio 15
VisualStudioVersion = 15.0.28010.2048
MinimumVisualStudioVersion = 10.0.40219.1
Project("{FAE04EC0-301F-11D3-BF4B-00C04F79EFBC}") = "calculadora lambda", "calculadora lambda\calculadora lambda.csproj", "{F0AD760C-110E-4C47-B28B-EAF1FE4C52E2}"
EndProject
Global
	GlobalSection(SolutionConfigurationPlatforms) = preSolution
		Debug|Any CPU = Debug|Any CPU
		Release|Any CPU = Release|Any CPU
	EndGlobalSection
	GlobalSection(ProjectConfigurationPlatforms) = postSolution
		{F0AD760C-110E-4C47-B28B-EAF1FE4C52E2}.Debug|Any CPU.ActiveCfg = Debug|Any CPU
		{F0AD760C-110E-4C47-B28B-EAF1FE4C52E2}.Debug|Any CPU.Build.0 = Debug|Any CPU
		{F0AD760C-110E-4C47-B28B-EAF1FE4C52E2}.Release|Any CPU.ActiveCfg = Release|Any CPU
		{F0AD760C-110E-4C47-B28B-EAF1FE4C52E2}.Release|Any CPU.Build.0 = Release|Any CPU
	EndGlobalSection
	GlobalSection(SolutionProperties) = preSolution
		HideSolutionNode = FALSE
	EndGlobalSection
	GlobalSection(ExtensibilityGlobals) = postSolution
		SolutionGuid = {2C295372-353A-4156-BCD3-BB3D8E3C9E23}
	EndGlobalSection
EndGlobal
